// !$*UTF8*$!
{
	archiveVersion = 1;
	classes = {
	};
	objectVersion = 56;
	objects = {

/* Begin PBXBuildFile section */
		0A3D3B2A2A9D1FB500B72054 /* HomeView.swift in Sources */ = {isa = PBXBuildFile; fileRef = 0A3D3B292A9D1FB500B72054 /* HomeView.swift */; };
		0A3D3B302A9E6BCE00B72054 /* TrendingCollectionViewCell.swift in Sources */ = {isa = PBXBuildFile; fileRef = 0A3D3B2F2A9E6BCE00B72054 /* TrendingCollectionViewCell.swift */; };
		0A3D3B322A9E6BF900B72054 /* PopularCategoryCollectionViewCell.swift in Sources */ = {isa = PBXBuildFile; fileRef = 0A3D3B312A9E6BF900B72054 /* PopularCategoryCollectionViewCell.swift */; };
		0A3D3B342A9E6C0B00B72054 /* PopularItemCollectionViewCell.swift in Sources */ = {isa = PBXBuildFile; fileRef = 0A3D3B332A9E6C0B00B72054 /* PopularItemCollectionViewCell.swift */; };
		0A3D3B362A9E6C2000B72054 /* RecentCollectionViewCell.swift in Sources */ = {isa = PBXBuildFile; fileRef = 0A3D3B352A9E6C2000B72054 /* RecentCollectionViewCell.swift */; };
		0A3D3B382A9E6C7900B72054 /* PopularCreatorCollectionViewCell.swift in Sources */ = {isa = PBXBuildFile; fileRef = 0A3D3B372A9E6C7900B72054 /* PopularCreatorCollectionViewCell.swift */; };
		0A3D3B3F2A9E725C00B72054 /* SectionType.swift in Sources */ = {isa = PBXBuildFile; fileRef = 0A3D3B3E2A9E725C00B72054 /* SectionType.swift */; };
		0A3D3B442A9F672400B72054 /* HeaderCollectionReusableView.swift in Sources */ = {isa = PBXBuildFile; fileRef = 0A3D3B432A9F672400B72054 /* HeaderCollectionReusableView.swift */; };
		0A3D3B462A9F7BE800B72054 /* UIFont+Extension.swift in Sources */ = {isa = PBXBuildFile; fileRef = 0A3D3B452A9F7BE800B72054 /* UIFont+Extension.swift */; };
		F43422202A9C29930025C556 /* AppDelegate.swift in Sources */ = {isa = PBXBuildFile; fileRef = F434221F2A9C29930025C556 /* AppDelegate.swift */; };
		F43422222A9C29930025C556 /* SceneDelegate.swift in Sources */ = {isa = PBXBuildFile; fileRef = F43422212A9C29930025C556 /* SceneDelegate.swift */; };
		F43422292A9C29950025C556 /* Assets.xcassets in Resources */ = {isa = PBXBuildFile; fileRef = F43422282A9C29950025C556 /* Assets.xcassets */; };
		F43422392A9C29FD0025C556 /* OnboardingViewController.swift in Sources */ = {isa = PBXBuildFile; fileRef = F43422382A9C29FD0025C556 /* OnboardingViewController.swift */; };
		F434223B2A9C2A150025C556 /* OnboardingView.swift in Sources */ = {isa = PBXBuildFile; fileRef = F434223A2A9C2A150025C556 /* OnboardingView.swift */; };
		F43422412A9C2A570025C556 /* HomeViewController.swift in Sources */ = {isa = PBXBuildFile; fileRef = F43422402A9C2A570025C556 /* HomeViewController.swift */; };
		F43422472A9C2AAB0025C556 /* DetailsViewController.swift in Sources */ = {isa = PBXBuildFile; fileRef = F43422462A9C2AAB0025C556 /* DetailsViewController.swift */; };
		F434224E2A9C2B100025C556 /* SavedViewController.swift in Sources */ = {isa = PBXBuildFile; fileRef = F434224D2A9C2B100025C556 /* SavedViewController.swift */; };
		F43422532A9C2B340025C556 /* TrendingViewController.swift in Sources */ = {isa = PBXBuildFile; fileRef = F43422522A9C2B340025C556 /* TrendingViewController.swift */; };
		F43422562A9C2B700025C556 /* UIColor Extension.swift in Sources */ = {isa = PBXBuildFile; fileRef = F43422552A9C2B700025C556 /* UIColor Extension.swift */; };
		F43422582A9C2BEA0025C556 /* Palette.swift in Sources */ = {isa = PBXBuildFile; fileRef = F43422572A9C2BEA0025C556 /* Palette.swift */; };
		F434225B2A9C2C700025C556 /* Poppins-Bold.ttf in Resources */ = {isa = PBXBuildFile; fileRef = F434225A2A9C2C700025C556 /* Poppins-Bold.ttf */; };
		F43422642A9C802E0025C556 /* SnapKit in Frameworks */ = {isa = PBXBuildFile; productRef = F43422632A9C802E0025C556 /* SnapKit */; };
/* End PBXBuildFile section */

/* Begin PBXFileReference section */
		0A3D3B292A9D1FB500B72054 /* HomeView.swift */ = {isa = PBXFileReference; lastKnownFileType = sourcecode.swift; path = HomeView.swift; sourceTree = SOURCE_ROOT; };
		0A3D3B2F2A9E6BCE00B72054 /* TrendingCollectionViewCell.swift */ = {isa = PBXFileReference; lastKnownFileType = sourcecode.swift; path = TrendingCollectionViewCell.swift; sourceTree = "<group>"; };
		0A3D3B312A9E6BF900B72054 /* PopularCategoryCollectionViewCell.swift */ = {isa = PBXFileReference; lastKnownFileType = sourcecode.swift; path = PopularCategoryCollectionViewCell.swift; sourceTree = "<group>"; };
		0A3D3B332A9E6C0B00B72054 /* PopularItemCollectionViewCell.swift */ = {isa = PBXFileReference; lastKnownFileType = sourcecode.swift; path = PopularItemCollectionViewCell.swift; sourceTree = "<group>"; };
		0A3D3B352A9E6C2000B72054 /* RecentCollectionViewCell.swift */ = {isa = PBXFileReference; lastKnownFileType = sourcecode.swift; path = RecentCollectionViewCell.swift; sourceTree = "<group>"; };
		0A3D3B372A9E6C7900B72054 /* PopularCreatorCollectionViewCell.swift */ = {isa = PBXFileReference; lastKnownFileType = sourcecode.swift; path = PopularCreatorCollectionViewCell.swift; sourceTree = "<group>"; };
		0A3D3B3E2A9E725C00B72054 /* SectionType.swift */ = {isa = PBXFileReference; lastKnownFileType = sourcecode.swift; path = SectionType.swift; sourceTree = "<group>"; };
		0A3D3B432A9F672400B72054 /* HeaderCollectionReusableView.swift */ = {isa = PBXFileReference; lastKnownFileType = sourcecode.swift; path = HeaderCollectionReusableView.swift; sourceTree = "<group>"; };
		0A3D3B452A9F7BE800B72054 /* UIFont+Extension.swift */ = {isa = PBXFileReference; lastKnownFileType = sourcecode.swift; path = "UIFont+Extension.swift"; sourceTree = "<group>"; };
		0A3D3B472A9F7D2B00B72054 /* Poppins-Regular.ttf */ = {isa = PBXFileReference; lastKnownFileType = file; path = "Poppins-Regular.ttf"; sourceTree = "<group>"; };
		0A3D3B482A9F7D3400B72054 /* Poppins-SemiBold.ttf */ = {isa = PBXFileReference; lastKnownFileType = file; path = "Poppins-SemiBold.ttf"; sourceTree = "<group>"; };
		F434221F2A9C29930025C556 /* AppDelegate.swift */ = {isa = PBXFileReference; lastKnownFileType = sourcecode.swift; path = AppDelegate.swift; sourceTree = "<group>"; };
		F43422212A9C29930025C556 /* SceneDelegate.swift */ = {isa = PBXFileReference; lastKnownFileType = sourcecode.swift; path = SceneDelegate.swift; sourceTree = "<group>"; };
		F43422282A9C29950025C556 /* Assets.xcassets */ = {isa = PBXFileReference; lastKnownFileType = folder.assetcatalog; path = Assets.xcassets; sourceTree = "<group>"; };
		F434222D2A9C29950025C556 /* Info.plist */ = {isa = PBXFileReference; lastKnownFileType = text.plist.xml; path = Info.plist; sourceTree = "<group>"; };
		F43422382A9C29FD0025C556 /* OnboardingViewController.swift */ = {isa = PBXFileReference; lastKnownFileType = sourcecode.swift; path = OnboardingViewController.swift; sourceTree = "<group>"; };
		F434223A2A9C2A150025C556 /* OnboardingView.swift */ = {isa = PBXFileReference; lastKnownFileType = sourcecode.swift; path = OnboardingView.swift; sourceTree = "<group>"; };
		F43422402A9C2A570025C556 /* HomeViewController.swift */ = {isa = PBXFileReference; lastKnownFileType = sourcecode.swift; path = HomeViewController.swift; sourceTree = "<group>"; };
		F43422462A9C2AAB0025C556 /* DetailsViewController.swift */ = {isa = PBXFileReference; lastKnownFileType = sourcecode.swift; path = DetailsViewController.swift; sourceTree = "<group>"; };
		F434224D2A9C2B100025C556 /* SavedViewController.swift */ = {isa = PBXFileReference; lastKnownFileType = sourcecode.swift; path = SavedViewController.swift; sourceTree = "<group>"; };
		F43422522A9C2B340025C556 /* TrendingViewController.swift */ = {isa = PBXFileReference; lastKnownFileType = sourcecode.swift; path = TrendingViewController.swift; sourceTree = "<group>"; };
		F43422552A9C2B700025C556 /* UIColor Extension.swift */ = {isa = PBXFileReference; lastKnownFileType = sourcecode.swift; path = "UIColor Extension.swift"; sourceTree = "<group>"; };
		F43422572A9C2BEA0025C556 /* Palette.swift */ = {isa = PBXFileReference; lastKnownFileType = sourcecode.swift; path = Palette.swift; sourceTree = "<group>"; };
		F434225A2A9C2C700025C556 /* Poppins-Bold.ttf */ = {isa = PBXFileReference; lastKnownFileType = file; path = "Poppins-Bold.ttf"; sourceTree = "<group>"; };
		F43422672A9C80B70025C556 /* My-Recipes-Book.app */ = {isa = PBXFileReference; explicitFileType = wrapper.application; includeInIndex = 0; path = "My-Recipes-Book.app"; sourceTree = BUILT_PRODUCTS_DIR; };
/* End PBXFileReference section */

/* Begin PBXFrameworksBuildPhase section */
		F43422192A9C29930025C556 /* Frameworks */ = {
			isa = PBXFrameworksBuildPhase;
			buildActionMask = 2147483647;
			files = (
				F43422642A9C802E0025C556 /* SnapKit in Frameworks */,
			);
			runOnlyForDeploymentPostprocessing = 0;
		};
/* End PBXFrameworksBuildPhase section */

/* Begin PBXGroup section */
		0A3D3B2D2A9E6B5C00B72054 /* Cells */ = {
			isa = PBXGroup;
			children = (
				0A3D3B2F2A9E6BCE00B72054 /* TrendingCollectionViewCell.swift */,
				0A3D3B312A9E6BF900B72054 /* PopularCategoryCollectionViewCell.swift */,
				0A3D3B332A9E6C0B00B72054 /* PopularItemCollectionViewCell.swift */,
				0A3D3B352A9E6C2000B72054 /* RecentCollectionViewCell.swift */,
				0A3D3B372A9E6C7900B72054 /* PopularCreatorCollectionViewCell.swift */,
				0A3D3B432A9F672400B72054 /* HeaderCollectionReusableView.swift */,
			);
			path = Cells;
			sourceTree = "<group>";
		};
		0A3D3B402A9E726400B72054 /* Model */ = {
			isa = PBXGroup;
			children = (
				0A3D3B3E2A9E725C00B72054 /* SectionType.swift */,
			);
			path = Model;
			sourceTree = "<group>";
		};
		F43422132A9C29930025C556 = {
			isa = PBXGroup;
			children = (
				F434221E2A9C29930025C556 /* My-Recipes-Book */,
				F43422672A9C80B70025C556 /* My-Recipes-Book.app */,
			);
			sourceTree = "<group>";
		};
		F434221E2A9C29930025C556 /* My-Recipes-Book */ = {
			isa = PBXGroup;
			children = (
				F434221F2A9C29930025C556 /* AppDelegate.swift */,
				F43422212A9C29930025C556 /* SceneDelegate.swift */,
				F43422542A9C2B5F0025C556 /* Extension */,
				F43422332A9C29C50025C556 /* Moduls */,
				F43422592A9C2C550025C556 /* Fonts */,
				F43422282A9C29950025C556 /* Assets.xcassets */,
				F43422572A9C2BEA0025C556 /* Palette.swift */,
				F434222D2A9C29950025C556 /* Info.plist */,
			);
			path = "My-Recipes-Book";
			sourceTree = "<group>";
		};
		F43422332A9C29C50025C556 /* Moduls */ = {
			isa = PBXGroup;
			children = (
				F43422342A9C29CD0025C556 /* Onboarding */,
				F434223C2A9C2A2F0025C556 /* Home */,
				F43422482A9C2ABE0025C556 /* Saved Recipes */,
				F43422422A9C2A710025C556 /* Recipe detail */,
				F434224C2A9C2AF30025C556 /* Trending */,
			);
			path = Moduls;
			sourceTree = "<group>";
		};
		F43422342A9C29CD0025C556 /* Onboarding */ = {
			isa = PBXGroup;
			children = (
				F43422352A9C29D90025C556 /* Model */,
				F43422362A9C29DD0025C556 /* View */,
				F43422372A9C29E20025C556 /* Controller */,
			);
			path = Onboarding;
			sourceTree = "<group>";
		};
		F43422352A9C29D90025C556 /* Model */ = {
			isa = PBXGroup;
			children = (
			);
			path = Model;
			sourceTree = "<group>";
		};
		F43422362A9C29DD0025C556 /* View */ = {
			isa = PBXGroup;
			children = (
				F434223A2A9C2A150025C556 /* OnboardingView.swift */,
			);
			path = View;
			sourceTree = "<group>";
		};
		F43422372A9C29E20025C556 /* Controller */ = {
			isa = PBXGroup;
			children = (
				F43422382A9C29FD0025C556 /* OnboardingViewController.swift */,
			);
			path = Controller;
			sourceTree = "<group>";
		};
		F434223C2A9C2A2F0025C556 /* Home */ = {
			isa = PBXGroup;
			children = (
				0A3D3B402A9E726400B72054 /* Model */,
				F434223E2A9C2A410025C556 /* View */,
				F434223D2A9C2A3A0025C556 /* Controller */,
			);
			path = Home;
			sourceTree = "<group>";
		};
		F434223D2A9C2A3A0025C556 /* Controller */ = {
			isa = PBXGroup;
			children = (
				F43422402A9C2A570025C556 /* HomeViewController.swift */,
			);
			path = Controller;
			sourceTree = "<group>";
		};
		F434223E2A9C2A410025C556 /* View */ = {
			isa = PBXGroup;
			children = (
				0A3D3B292A9D1FB500B72054 /* HomeView.swift */,
				0A3D3B2D2A9E6B5C00B72054 /* Cells */,
			);
			path = View;
			sourceTree = "<group>";
		};
		F43422422A9C2A710025C556 /* Recipe detail */ = {
			isa = PBXGroup;
			children = (
				F43422452A9C2A920025C556 /* Model */,
				F43422442A9C2A8E0025C556 /* View */,
				F43422432A9C2A890025C556 /* Controller */,
			);
			path = "Recipe detail";
			sourceTree = "<group>";
		};
		F43422432A9C2A890025C556 /* Controller */ = {
			isa = PBXGroup;
			children = (
				F43422462A9C2AAB0025C556 /* DetailsViewController.swift */,
			);
			path = Controller;
			sourceTree = "<group>";
		};
		F43422442A9C2A8E0025C556 /* View */ = {
			isa = PBXGroup;
			children = (
			);
			path = View;
			sourceTree = "<group>";
		};
		F43422452A9C2A920025C556 /* Model */ = {
			isa = PBXGroup;
			children = (
			);
			path = Model;
			sourceTree = "<group>";
		};
		F43422482A9C2ABE0025C556 /* Saved Recipes */ = {
			isa = PBXGroup;
			children = (
				F434224B2A9C2AED0025C556 /* Model */,
				F434224A2A9C2AE80025C556 /* View */,
				F43422492A9C2AE30025C556 /* Controller */,
			);
			path = "Saved Recipes";
			sourceTree = "<group>";
		};
		F43422492A9C2AE30025C556 /* Controller */ = {
			isa = PBXGroup;
			children = (
				F434224D2A9C2B100025C556 /* SavedViewController.swift */,
			);
			path = Controller;
			sourceTree = "<group>";
		};
		F434224A2A9C2AE80025C556 /* View */ = {
			isa = PBXGroup;
			children = (
			);
			path = View;
			sourceTree = "<group>";
		};
		F434224B2A9C2AED0025C556 /* Model */ = {
			isa = PBXGroup;
			children = (
			);
			path = Model;
			sourceTree = "<group>";
		};
		F434224C2A9C2AF30025C556 /* Trending */ = {
			isa = PBXGroup;
			children = (
				F43422512A9C2B240025C556 /* Model */,
				F43422502A9C2B200025C556 /* View */,
				F434224F2A9C2B1B0025C556 /* Controller */,
			);
			path = Trending;
			sourceTree = "<group>";
		};
		F434224F2A9C2B1B0025C556 /* Controller */ = {
			isa = PBXGroup;
			children = (
				F43422522A9C2B340025C556 /* TrendingViewController.swift */,
			);
			path = Controller;
			sourceTree = "<group>";
		};
		F43422502A9C2B200025C556 /* View */ = {
			isa = PBXGroup;
			children = (
			);
			path = View;
			sourceTree = "<group>";
		};
		F43422512A9C2B240025C556 /* Model */ = {
			isa = PBXGroup;
			children = (
			);
			path = Model;
			sourceTree = "<group>";
		};
		F43422542A9C2B5F0025C556 /* Extension */ = {
			isa = PBXGroup;
			children = (
				F43422552A9C2B700025C556 /* UIColor Extension.swift */,
				0A3D3B452A9F7BE800B72054 /* UIFont+Extension.swift */,
			);
			path = Extension;
			sourceTree = "<group>";
		};
		F43422592A9C2C550025C556 /* Fonts */ = {
			isa = PBXGroup;
			children = (
				F434225A2A9C2C700025C556 /* Poppins-Bold.ttf */,
				0A3D3B472A9F7D2B00B72054 /* Poppins-Regular.ttf */,
				0A3D3B482A9F7D3400B72054 /* Poppins-SemiBold.ttf */,
			);
			path = Fonts;
			sourceTree = "<group>";
		};
/* End PBXGroup section */

/* Begin PBXNativeTarget section */
		F434221B2A9C29930025C556 /* My-Recipes-Book */ = {
			isa = PBXNativeTarget;
			buildConfigurationList = F43422302A9C29950025C556 /* Build configuration list for PBXNativeTarget "My-Recipes-Book" */;
			buildPhases = (
				F43422182A9C29930025C556 /* Sources */,
				F43422192A9C29930025C556 /* Frameworks */,
				F434221A2A9C29930025C556 /* Resources */,
			);
			buildRules = (
			);
			dependencies = (
			);
			name = "My-Recipes-Book";
			packageProductDependencies = (
				F43422632A9C802E0025C556 /* SnapKit */,
			);
			productName = "My-Recipes-Book";
			productReference = F43422672A9C80B70025C556 /* My-Recipes-Book.app */;
			productType = "com.apple.product-type.application";
		};
/* End PBXNativeTarget section */

/* Begin PBXProject section */
		F43422142A9C29930025C556 /* Project object */ = {
			isa = PBXProject;
			attributes = {
				BuildIndependentTargetsInParallel = 1;
				LastSwiftUpdateCheck = 1430;
				LastUpgradeCheck = 1430;
				TargetAttributes = {
					F434221B2A9C29930025C556 = {
						CreatedOnToolsVersion = 14.3.1;
					};
				};
			};
			buildConfigurationList = F43422172A9C29930025C556 /* Build configuration list for PBXProject "My-Recipes-Book" */;
			compatibilityVersion = "Xcode 14.0";
			developmentRegion = en;
			hasScannedForEncodings = 0;
			knownRegions = (
				en,
				Base,
			);
			mainGroup = F43422132A9C29930025C556;
			packageReferences = (
				F43422622A9C802E0025C556 /* XCRemoteSwiftPackageReference "SnapKit" */,
			);
			productRefGroup = F43422132A9C29930025C556;
			projectDirPath = "";
			projectRoot = "";
			targets = (
				F434221B2A9C29930025C556 /* My-Recipes-Book */,
			);
		};
/* End PBXProject section */

/* Begin PBXResourcesBuildPhase section */
		F434221A2A9C29930025C556 /* Resources */ = {
			isa = PBXResourcesBuildPhase;
			buildActionMask = 2147483647;
			files = (
				F43422292A9C29950025C556 /* Assets.xcassets in Resources */,
				F434225B2A9C2C700025C556 /* Poppins-Bold.ttf in Resources */,
			);
			runOnlyForDeploymentPostprocessing = 0;
		};
/* End PBXResourcesBuildPhase section */

/* Begin PBXSourcesBuildPhase section */
		F43422182A9C29930025C556 /* Sources */ = {
			isa = PBXSourcesBuildPhase;
			buildActionMask = 2147483647;
			files = (
				F43422412A9C2A570025C556 /* HomeViewController.swift in Sources */,
				0A3D3B462A9F7BE800B72054 /* UIFont+Extension.swift in Sources */,
				0A3D3B342A9E6C0B00B72054 /* PopularItemCollectionViewCell.swift in Sources */,
				F43422532A9C2B340025C556 /* TrendingViewController.swift in Sources */,
				0A3D3B3F2A9E725C00B72054 /* SectionType.swift in Sources */,
				0A3D3B302A9E6BCE00B72054 /* TrendingCollectionViewCell.swift in Sources */,
				0A3D3B382A9E6C7900B72054 /* PopularCreatorCollectionViewCell.swift in Sources */,
				F43422202A9C29930025C556 /* AppDelegate.swift in Sources */,
				F434224E2A9C2B100025C556 /* SavedViewController.swift in Sources */,
				F43422562A9C2B700025C556 /* UIColor Extension.swift in Sources */,
				0A3D3B2A2A9D1FB500B72054 /* HomeView.swift in Sources */,
				0A3D3B442A9F672400B72054 /* HeaderCollectionReusableView.swift in Sources */,
				0A3D3B322A9E6BF900B72054 /* PopularCategoryCollectionViewCell.swift in Sources */,
				F434223B2A9C2A150025C556 /* OnboardingView.swift in Sources */,
				F43422392A9C29FD0025C556 /* OnboardingViewController.swift in Sources */,
				F43422582A9C2BEA0025C556 /* Palette.swift in Sources */,
				0A3D3B362A9E6C2000B72054 /* RecentCollectionViewCell.swift in Sources */,
				F43422222A9C29930025C556 /* SceneDelegate.swift in Sources */,
				F43422472A9C2AAB0025C556 /* DetailsViewController.swift in Sources */,
			);
			runOnlyForDeploymentPostprocessing = 0;
		};
/* End PBXSourcesBuildPhase section */

/* Begin XCBuildConfiguration section */
		F434222E2A9C29950025C556 /* Debug */ = {
			isa = XCBuildConfiguration;
			buildSettings = {
				ALWAYS_SEARCH_USER_PATHS = NO;
				CLANG_ANALYZER_NONNULL = YES;
				CLANG_ANALYZER_NUMBER_OBJECT_CONVERSION = YES_AGGRESSIVE;
				CLANG_CXX_LANGUAGE_STANDARD = "gnu++20";
				CLANG_ENABLE_MODULES = YES;
				CLANG_ENABLE_OBJC_ARC = YES;
				CLANG_ENABLE_OBJC_WEAK = YES;
				CLANG_WARN_BLOCK_CAPTURE_AUTORELEASING = YES;
				CLANG_WARN_BOOL_CONVERSION = YES;
				CLANG_WARN_COMMA = YES;
				CLANG_WARN_CONSTANT_CONVERSION = YES;
				CLANG_WARN_DEPRECATED_OBJC_IMPLEMENTATIONS = YES;
				CLANG_WARN_DIRECT_OBJC_ISA_USAGE = YES_ERROR;
				CLANG_WARN_DOCUMENTATION_COMMENTS = YES;
				CLANG_WARN_EMPTY_BODY = YES;
				CLANG_WARN_ENUM_CONVERSION = YES;
				CLANG_WARN_INFINITE_RECURSION = YES;
				CLANG_WARN_INT_CONVERSION = YES;
				CLANG_WARN_NON_LITERAL_NULL_CONVERSION = YES;
				CLANG_WARN_OBJC_IMPLICIT_RETAIN_SELF = YES;
				CLANG_WARN_OBJC_LITERAL_CONVERSION = YES;
				CLANG_WARN_OBJC_ROOT_CLASS = YES_ERROR;
				CLANG_WARN_QUOTED_INCLUDE_IN_FRAMEWORK_HEADER = YES;
				CLANG_WARN_RANGE_LOOP_ANALYSIS = YES;
				CLANG_WARN_STRICT_PROTOTYPES = YES;
				CLANG_WARN_SUSPICIOUS_MOVE = YES;
				CLANG_WARN_UNGUARDED_AVAILABILITY = YES_AGGRESSIVE;
				CLANG_WARN_UNREACHABLE_CODE = YES;
				CLANG_WARN__DUPLICATE_METHOD_MATCH = YES;
				COPY_PHASE_STRIP = NO;
				DEBUG_INFORMATION_FORMAT = dwarf;
				ENABLE_STRICT_OBJC_MSGSEND = YES;
				ENABLE_TESTABILITY = YES;
				GCC_C_LANGUAGE_STANDARD = gnu11;
				GCC_DYNAMIC_NO_PIC = NO;
				GCC_NO_COMMON_BLOCKS = YES;
				GCC_OPTIMIZATION_LEVEL = 0;
				GCC_PREPROCESSOR_DEFINITIONS = (
					"DEBUG=1",
					"$(inherited)",
				);
				GCC_WARN_64_TO_32_BIT_CONVERSION = YES;
				GCC_WARN_ABOUT_RETURN_TYPE = YES_ERROR;
				GCC_WARN_UNDECLARED_SELECTOR = YES;
				GCC_WARN_UNINITIALIZED_AUTOS = YES_AGGRESSIVE;
				GCC_WARN_UNUSED_FUNCTION = YES;
				GCC_WARN_UNUSED_VARIABLE = YES;
				IPHONEOS_DEPLOYMENT_TARGET = 16.4;
				MTL_ENABLE_DEBUG_INFO = INCLUDE_SOURCE;
				MTL_FAST_MATH = YES;
				ONLY_ACTIVE_ARCH = YES;
				SDKROOT = iphoneos;
				SWIFT_ACTIVE_COMPILATION_CONDITIONS = DEBUG;
				SWIFT_OPTIMIZATION_LEVEL = "-Onone";
			};
			name = Debug;
		};
		F434222F2A9C29950025C556 /* Release */ = {
			isa = XCBuildConfiguration;
			buildSettings = {
				ALWAYS_SEARCH_USER_PATHS = NO;
				CLANG_ANALYZER_NONNULL = YES;
				CLANG_ANALYZER_NUMBER_OBJECT_CONVERSION = YES_AGGRESSIVE;
				CLANG_CXX_LANGUAGE_STANDARD = "gnu++20";
				CLANG_ENABLE_MODULES = YES;
				CLANG_ENABLE_OBJC_ARC = YES;
				CLANG_ENABLE_OBJC_WEAK = YES;
				CLANG_WARN_BLOCK_CAPTURE_AUTORELEASING = YES;
				CLANG_WARN_BOOL_CONVERSION = YES;
				CLANG_WARN_COMMA = YES;
				CLANG_WARN_CONSTANT_CONVERSION = YES;
				CLANG_WARN_DEPRECATED_OBJC_IMPLEMENTATIONS = YES;
				CLANG_WARN_DIRECT_OBJC_ISA_USAGE = YES_ERROR;
				CLANG_WARN_DOCUMENTATION_COMMENTS = YES;
				CLANG_WARN_EMPTY_BODY = YES;
				CLANG_WARN_ENUM_CONVERSION = YES;
				CLANG_WARN_INFINITE_RECURSION = YES;
				CLANG_WARN_INT_CONVERSION = YES;
				CLANG_WARN_NON_LITERAL_NULL_CONVERSION = YES;
				CLANG_WARN_OBJC_IMPLICIT_RETAIN_SELF = YES;
				CLANG_WARN_OBJC_LITERAL_CONVERSION = YES;
				CLANG_WARN_OBJC_ROOT_CLASS = YES_ERROR;
				CLANG_WARN_QUOTED_INCLUDE_IN_FRAMEWORK_HEADER = YES;
				CLANG_WARN_RANGE_LOOP_ANALYSIS = YES;
				CLANG_WARN_STRICT_PROTOTYPES = YES;
				CLANG_WARN_SUSPICIOUS_MOVE = YES;
				CLANG_WARN_UNGUARDED_AVAILABILITY = YES_AGGRESSIVE;
				CLANG_WARN_UNREACHABLE_CODE = YES;
				CLANG_WARN__DUPLICATE_METHOD_MATCH = YES;
				COPY_PHASE_STRIP = NO;
				DEBUG_INFORMATION_FORMAT = "dwarf-with-dsym";
				ENABLE_NS_ASSERTIONS = NO;
				ENABLE_STRICT_OBJC_MSGSEND = YES;
				GCC_C_LANGUAGE_STANDARD = gnu11;
				GCC_NO_COMMON_BLOCKS = YES;
				GCC_WARN_64_TO_32_BIT_CONVERSION = YES;
				GCC_WARN_ABOUT_RETURN_TYPE = YES_ERROR;
				GCC_WARN_UNDECLARED_SELECTOR = YES;
				GCC_WARN_UNINITIALIZED_AUTOS = YES_AGGRESSIVE;
				GCC_WARN_UNUSED_FUNCTION = YES;
				GCC_WARN_UNUSED_VARIABLE = YES;
				IPHONEOS_DEPLOYMENT_TARGET = 16.4;
				MTL_ENABLE_DEBUG_INFO = NO;
				MTL_FAST_MATH = YES;
				SDKROOT = iphoneos;
				SWIFT_COMPILATION_MODE = wholemodule;
				SWIFT_OPTIMIZATION_LEVEL = "-O";
				VALIDATE_PRODUCT = YES;
			};
			name = Release;
		};
		F43422312A9C29950025C556 /* Debug */ = {
			isa = XCBuildConfiguration;
			buildSettings = {
				ASSETCATALOG_COMPILER_APPICON_NAME = AppIcon;
				ASSETCATALOG_COMPILER_GLOBAL_ACCENT_COLOR_NAME = AccentColor;
				CODE_SIGN_STYLE = Automatic;
				CURRENT_PROJECT_VERSION = 1;
				DEVELOPMENT_TEAM = 87P7GYW9VY;
				GENERATE_INFOPLIST_FILE = YES;
				INFOPLIST_FILE = "My-Recipes-Book/Info.plist";
				INFOPLIST_KEY_UIApplicationSupportsIndirectInputEvents = YES;
				INFOPLIST_KEY_UILaunchStoryboardName = LaunchScreen;
				INFOPLIST_KEY_UISupportedInterfaceOrientations = UIInterfaceOrientationPortrait;
				INFOPLIST_KEY_UISupportedInterfaceOrientations_iPad = "UIInterfaceOrientationLandscapeLeft UIInterfaceOrientationLandscapeRight UIInterfaceOrientationPortrait UIInterfaceOrientationPortraitUpsideDown";
				IPHONEOS_DEPLOYMENT_TARGET = 15.0;
				LD_RUNPATH_SEARCH_PATHS = (
					"$(inherited)",
					"@executable_path/Frameworks",
				);
				MARKETING_VERSION = 1.0;
				PRODUCT_BUNDLE_IDENTIFIER = "Swift-Marathon-Challenge-2.My-Recipes-Book";
				PRODUCT_NAME = "$(TARGET_NAME)";
				SUPPORTED_PLATFORMS = "iphoneos iphonesimulator";
				SUPPORTS_MACCATALYST = NO;
				SUPPORTS_MAC_DESIGNED_FOR_IPHONE_IPAD = NO;
				SWIFT_EMIT_LOC_STRINGS = YES;
				SWIFT_VERSION = 5.0;
				TARGETED_DEVICE_FAMILY = 1;
			};
			name = Debug;
		};
		F43422322A9C29950025C556 /* Release */ = {
			isa = XCBuildConfiguration;
			buildSettings = {
				ASSETCATALOG_COMPILER_APPICON_NAME = AppIcon;
				ASSETCATALOG_COMPILER_GLOBAL_ACCENT_COLOR_NAME = AccentColor;
				CODE_SIGN_STYLE = Automatic;
				CURRENT_PROJECT_VERSION = 1;
				DEVELOPMENT_TEAM = 87P7GYW9VY;
				GENERATE_INFOPLIST_FILE = YES;
				INFOPLIST_FILE = "My-Recipes-Book/Info.plist";
				INFOPLIST_KEY_UIApplicationSupportsIndirectInputEvents = YES;
				INFOPLIST_KEY_UILaunchStoryboardName = LaunchScreen;
				INFOPLIST_KEY_UISupportedInterfaceOrientations = UIInterfaceOrientationPortrait;
				INFOPLIST_KEY_UISupportedInterfaceOrientations_iPad = "UIInterfaceOrientationLandscapeLeft UIInterfaceOrientationLandscapeRight UIInterfaceOrientationPortrait UIInterfaceOrientationPortraitUpsideDown";
				IPHONEOS_DEPLOYMENT_TARGET = 15.0;
				LD_RUNPATH_SEARCH_PATHS = (
					"$(inherited)",
					"@executable_path/Frameworks",
				);
				MARKETING_VERSION = 1.0;
				PRODUCT_BUNDLE_IDENTIFIER = "Swift-Marathon-Challenge-2.My-Recipes-Book";
				PRODUCT_NAME = "$(TARGET_NAME)";
				SUPPORTED_PLATFORMS = "iphoneos iphonesimulator";
				SUPPORTS_MACCATALYST = NO;
				SUPPORTS_MAC_DESIGNED_FOR_IPHONE_IPAD = NO;
				SWIFT_EMIT_LOC_STRINGS = YES;
				SWIFT_VERSION = 5.0;
				TARGETED_DEVICE_FAMILY = 1;
			};
			name = Release;
		};
/* End XCBuildConfiguration section */

/* Begin XCConfigurationList section */
		F43422172A9C29930025C556 /* Build configuration list for PBXProject "My-Recipes-Book" */ = {
			isa = XCConfigurationList;
			buildConfigurations = (
				F434222E2A9C29950025C556 /* Debug */,
				F434222F2A9C29950025C556 /* Release */,
			);
			defaultConfigurationIsVisible = 0;
			defaultConfigurationName = Release;
		};
		F43422302A9C29950025C556 /* Build configuration list for PBXNativeTarget "My-Recipes-Book" */ = {
			isa = XCConfigurationList;
			buildConfigurations = (
				F43422312A9C29950025C556 /* Debug */,
				F43422322A9C29950025C556 /* Release */,
			);
			defaultConfigurationIsVisible = 0;
			defaultConfigurationName = Release;
		};
/* End XCConfigurationList section */

/* Begin XCRemoteSwiftPackageReference section */
		F43422622A9C802E0025C556 /* XCRemoteSwiftPackageReference "SnapKit" */ = {
			isa = XCRemoteSwiftPackageReference;
			repositoryURL = "https://github.com/SnapKit/SnapKit";
			requirement = {
				kind = upToNextMinorVersion;
				minimumVersion = 5.6.0;
			};
		};
/* End XCRemoteSwiftPackageReference section */

/* Begin XCSwiftPackageProductDependency section */
		F43422632A9C802E0025C556 /* SnapKit */ = {
			isa = XCSwiftPackageProductDependency;
			package = F43422622A9C802E0025C556 /* XCRemoteSwiftPackageReference "SnapKit" */;
			productName = SnapKit;
		};
/* End XCSwiftPackageProductDependency section */
	};
	rootObject = F43422142A9C29930025C556 /* Project object */;
}
